
Microsoft Visual Studio Solution File, Format Version 12.00
# Visual Studio Version 16
VisualStudioVersion = 16.0.31702.278
MinimumVisualStudioVersion = 10.0.40219.1
Project("{FAE04EC0-301F-11D3-BF4B-00C04F79EFBC}") = "Untold", "Untold\Untold.csproj", "{06CF1EFC-E10E-46A6-AE9A-E6C6A53E3CF6}"
EndProject
Global
	GlobalSection(SolutionConfigurationPlatforms) = preSolution
		Debug|Any CPU = Debug|Any CPU
		Release|Any CPU = Release|Any CPU
	EndGlobalSection
	GlobalSection(ProjectConfigurationPlatforms) = postSolution
		{06CF1EFC-E10E-46A6-AE9A-E6C6A53E3CF6}.Debug|Any CPU.ActiveCfg = Debug|Any CPU
		{06CF1EFC-E10E-46A6-AE9A-E6C6A53E3CF6}.Debug|Any CPU.Build.0 = Debug|Any CPU
		{06CF1EFC-E10E-46A6-AE9A-E6C6A53E3CF6}.Release|Any CPU.ActiveCfg = Release|Any CPU
		{06CF1EFC-E10E-46A6-AE9A-E6C6A53E3CF6}.Release|Any CPU.Build.0 = Release|Any CPU
	EndGlobalSection
	GlobalSection(SolutionProperties) = preSolution
		HideSolutionNode = FALSE
	EndGlobalSection
	GlobalSection(ExtensibilityGlobals) = postSolution
		SolutionGuid = {E84FCA64-CF11-48AD-A8B9-528A256CBC87}
	EndGlobalSection
EndGlobal
